
Microsoft Visual Studio Solution File, Format Version 12.00
# Visual Studio Version 16
VisualStudioVersion = 16.0.810.21
MinimumVisualStudioVersion = 10.0.40219.1
Project("{FAE04EC0-301F-11D3-BF4B-00C04F79EFBC}") = "DungianoDesktop", "DungianoDesktop\DungianoDesktop.csproj", "{5294D016-F99C-4B8C-9F6C-38208B9BA2C9}"
EndProject
Global
	GlobalSection(SolutionConfigurationPlatforms) = preSolution
		Debug|Any CPU = Debug|Any CPU
		Release|Any CPU = Release|Any CPU
	EndGlobalSection
	GlobalSection(ProjectConfigurationPlatforms) = postSolution
		{5294D016-F99C-4B8C-9F6C-38208B9BA2C9}.Debug|Any CPU.ActiveCfg = Debug|Any CPU
		{5294D016-F99C-4B8C-9F6C-38208B9BA2C9}.Debug|Any CPU.Build.0 = Debug|Any CPU
		{5294D016-F99C-4B8C-9F6C-38208B9BA2C9}.Release|Any CPU.ActiveCfg = Release|Any CPU
		{5294D016-F99C-4B8C-9F6C-38208B9BA2C9}.Release|Any CPU.Build.0 = Release|Any CPU
	EndGlobalSection
	GlobalSection(SolutionProperties) = preSolution
		HideSolutionNode = FALSE
	EndGlobalSection
	GlobalSection(ExtensibilityGlobals) = postSolution
		SolutionGuid = {5BFDAB7B-AA50-4C6E-9E43-BEE51E002139}
	EndGlobalSection
EndGlobal
